
Microsoft Visual Studio Solution File, Format Version 12.00
# Visual Studio Version 16
VisualStudioVersion = 16.0.32228.343
MinimumVisualStudioVersion = 10.0.40219.1
Project("{FAE04EC0-301F-11D3-BF4B-00C04F79EFBC}") = "Final Project", "Final Project\Final Project.csproj", "{C78790E7-5026-44AA-AECC-101C4FDF5C40}"
EndProject
Global
	GlobalSection(SolutionConfigurationPlatforms) = preSolution
		Debug|Any CPU = Debug|Any CPU
		Release|Any CPU = Release|Any CPU
	EndGlobalSection
	GlobalSection(ProjectConfigurationPlatforms) = postSolution
		{C78790E7-5026-44AA-AECC-101C4FDF5C40}.Debug|Any CPU.ActiveCfg = Debug|Any CPU
		{C78790E7-5026-44AA-AECC-101C4FDF5C40}.Debug|Any CPU.Build.0 = Debug|Any CPU
		{C78790E7-5026-44AA-AECC-101C4FDF5C40}.Release|Any CPU.ActiveCfg = Release|Any CPU
		{C78790E7-5026-44AA-AECC-101C4FDF5C40}.Release|Any CPU.Build.0 = Release|Any CPU
	EndGlobalSection
	GlobalSection(SolutionProperties) = preSolution
		HideSolutionNode = FALSE
	EndGlobalSection
	GlobalSection(ExtensibilityGlobals) = postSolution
		SolutionGuid = {489DB494-5777-45D2-848A-C5D7D7880EAC}
	EndGlobalSection
EndGlobal
